{
  "version": "3",
  "packages": {
    "specifiers": {
      "npm:@happy-dom/global-registrator": "npm:@happy-dom/global-registrator@12.10.3",
      "npm:@rollup/wasm-node@4.4.1": "npm:@rollup/wasm-node@4.4.1"
    },
    "npm": {
      "@happy-dom/global-registrator@12.10.3": {
        "integrity": "sha512-miSMqJS1B1Je9/z9ClgJafGX1ioM/rvxWFWqjOy8I82RSoa2/k4//iPfI+dOxT2d9f5KEaHZycw+3FH9TzjmSQ==",
        "dependencies": {
          "happy-dom": "happy-dom@12.10.3"
        }
      },
      "@rollup/wasm-node@4.4.1": {
        "integrity": "sha512-qtZ9Ltl3T/51ukmklXTlSdY3hkt4bbYS1YOuUK1F8hLZsuMjKYop//6W1WBDQ71Mnmdvv+xsBLUeG/LW+RGAcg==",
        "dependencies": {
          "fsevents": "fsevents@2.3.3"
        }
      },
      "css.escape@1.5.1": {
        "integrity": "sha512-YUifsXXuknHlUsmlgyY0PKzgPOr7/FjCePfHNt0jxm83wHZi44VDMQ7/fGNkjY3/jV1MC+1CmZbaHzugyeRtpg==",
        "dependencies": {}
      },
      "entities@4.5.0": {
        "integrity": "sha512-V0hjH4dGPh9Ao5p0MoRY6BVqtwCjhz6vI5LT8AJ55H+4g9/4vbHx1I54fS0XuclLhDHArPQCiMjDxjaL8fPxhw==",
        "dependencies": {}
      },
      "fsevents@2.3.3": {
        "integrity": "sha512-5xoDfX+fL7faATnagmWPpbFtwh/R77WmMMqqHGS65C3vvB0YHrgF+B1YmZ3441tMj5n63k0212XNoJwzlhffQw==",
        "dependencies": {}
      },
      "happy-dom@12.10.3": {
        "integrity": "sha512-JzUXOh0wdNGY54oKng5hliuBkq/+aT1V3YpTM+lrN/GoLQTANZsMaIvmHiHe612rauHvPJnDZkZ+5GZR++1Abg==",
        "dependencies": {
          "css.escape": "css.escape@1.5.1",
          "entities": "entities@4.5.0",
          "iconv-lite": "iconv-lite@0.6.3",
          "webidl-conversions": "webidl-conversions@7.0.0",
          "whatwg-encoding": "whatwg-encoding@2.0.0",
          "whatwg-mimetype": "whatwg-mimetype@3.0.0"
        }
      },
      "iconv-lite@0.6.3": {
        "integrity": "sha512-4fCk79wshMdzMp2rH06qWrJE4iolqLhCUH+OiuIgU++RB0+94NlDL81atO7GX55uUKueo0txHNtvEyI6D7WdMw==",
        "dependencies": {
          "safer-buffer": "safer-buffer@2.1.2"
        }
      },
      "safer-buffer@2.1.2": {
        "integrity": "sha512-YZo3K82SD7Riyi0E1EQPojLz7kpepnSQI9IyPbHHg1XXXevb5dJI7tpyN2ADxGcQbHG7vcyRHk0cbwqcQriUtg==",
        "dependencies": {}
      },
      "webidl-conversions@7.0.0": {
        "integrity": "sha512-VwddBukDzu71offAQR975unBIGqfKZpM+8ZX6ySk8nYhVoo5CYaZyzt3YBvYtRtO+aoGlqxPg/B87NGVZ/fu6g==",
        "dependencies": {}
      },
      "whatwg-encoding@2.0.0": {
        "integrity": "sha512-p41ogyeMUrw3jWclHWTQg1k05DSVXPLcVxRTYsXUk+ZooOCZLcoYgPZ/HL/D/N+uQPOtcp1me1WhBEaX02mhWg==",
        "dependencies": {
          "iconv-lite": "iconv-lite@0.6.3"
        }
      },
      "whatwg-mimetype@3.0.0": {
        "integrity": "sha512-nt+N2dzIutVRxARx1nghPKGv1xHikU7HKdfafKkLNLindmPU/ch3U31NOCGGA/dmPcmb1VlofO0vnKAcsm0o/Q==",
        "dependencies": {}
      }
    }
  },
  "remote": {
    "https://deno.land/std@0.206.0/assert/_constants.ts": "8a9da298c26750b28b326b297316cdde860bc237533b07e1337c021379e6b2a9",
    "https://deno.land/std@0.206.0/assert/_diff.ts": "58e1461cc61d8eb1eacbf2a010932bf6a05b79344b02ca38095f9b805795dc48",
    "https://deno.land/std@0.206.0/assert/_format.ts": "a69126e8a469009adf4cf2a50af889aca364c349797e63174884a52ff75cf4c7",
    "https://deno.land/std@0.206.0/assert/assert_equals.ts": "d8ec8a22447fbaf2fc9d7c3ed2e66790fdb74beae3e482855d75782218d68227",
    "https://deno.land/std@0.206.0/assert/assertion_error.ts": "4d0bde9b374dfbcbe8ac23f54f567b77024fb67dbb1906a852d67fe050d42f56",
    "https://deno.land/std@0.206.0/assert/equal.ts": "9f1a46d5993966d2596c44e5858eec821859b45f783a5ee2f7a695dfc12d8ece",
    "https://deno.land/std@0.206.0/fmt/colors.ts": "c51c4642678eb690dcf5ffee5918b675bf01a33fba82acf303701ae1a4f8c8d9",
    "https://deno.land/std@0.206.0/testing/_test_suite.ts": "30f018feeb3835f12ab198d8a518f9089b1bcb2e8c838a8b615ab10d5005465c",
    "https://deno.land/std@0.206.0/testing/bdd.ts": "3f446df5ef8e856a869e8eec54c8482590415741ff0b6358a00c43486cc15769",
    "https://esm.sh/v134/@babel/standalone@7.23.3/denonext/standalone.bundle.mjs": "fb975f808f0b36119b5f12af4afbc591ad320b424d941c7434abde0e1393ce7b",
    "https://esm.sh/v134/@babel/standalone@7.23.3?bundle": "30a5b6501ec7b0faaabe42f8d6f30206552c597750761dc0b4dc50564da4eda9",
    "https://esm.sh/v134/@jridgewell/resolve-uri@3.1.1": "37305b5f04db953dfec48bde8b1218ff007b4aaccb0e90555378e55685acb092",
    "https://esm.sh/v134/@jridgewell/resolve-uri@3.1.1/denonext/resolve-uri.mjs": "239f11fbc4483ded7e3bc97eeaf942760d5e83d2e15cb8199e48ea61b6b49948",
    "https://esm.sh/v134/fflate@0.8.0": "726a76a43ea2183854e6c06a8cc2d3fabbaa281b6b2ba6678172a36d9d32d19f",
    "https://esm.sh/v134/fflate@0.8.0/denonext/fflate.mjs": "2792676fe3ccd7b23597f69e7601ef914ccf1883465609ae2788d5dd75548937",
    "https://esm.sh/v134/terser@5.23.0/denonext/terser.bundle.mjs": "7983c0c4d5955959529d57febeb4970d32ae52255e1f1ed58410cebe226242bb",
    "https://esm.sh/v134/terser@5.23.0?bundle": "80b53973d828e9512976db75cb08350f2ceaeb5029b7c22f9538be1ac3188262",
    "https://esm.sh/v134/userscript-metadata-generator@0.2.4": "b159e1ce4a0aaba3bc059b120df9d2836a8cee6382e3d9249e74344745706eeb",
    "https://esm.sh/v134/userscript-metadata-generator@0.2.4/denonext/userscript-metadata-generator.mjs": "b3246c2052e813b22630b51f9df2cd8b34b3d57223deae4690196fe74d3976e5"
  }
}
